
Microsoft Visual Studio Solution File, Format Version 12.00
# Visual Studio 14
VisualStudioVersion = 14.0.25420.1
MinimumVisualStudioVersion = 10.0.40219.1
Project("{FAE04EC0-301F-11D3-BF4B-00C04F79EFBC}") = "WcfCalculator", "WcfCalculator\WcfCalculator.csproj", "{DFA76ECD-6FDE-48E2-A840-F38A625F258E}"
EndProject
Project("{FAE04EC0-301F-11D3-BF4B-00C04F79EFBC}") = "WinConsumerForm", "WinConsumerForm\WinConsumerForm.csproj", "{57183926-8DD9-4CA5-B088-ADDEBFF0A6CD}"
	ProjectSection(ProjectDependencies) = postProject
		{DFA76ECD-6FDE-48E2-A840-F38A625F258E} = {DFA76ECD-6FDE-48E2-A840-F38A625F258E}
	EndProjectSection
EndProject
Global
	GlobalSection(SolutionConfigurationPlatforms) = preSolution
		Debug|Any CPU = Debug|Any CPU
		Release|Any CPU = Release|Any CPU
	EndGlobalSection
	GlobalSection(ProjectConfigurationPlatforms) = postSolution
		{DFA76ECD-6FDE-48E2-A840-F38A625F258E}.Debug|Any CPU.ActiveCfg = Debug|Any CPU
		{DFA76ECD-6FDE-48E2-A840-F38A625F258E}.Debug|Any CPU.Build.0 = Debug|Any CPU
		{DFA76ECD-6FDE-48E2-A840-F38A625F258E}.Release|Any CPU.ActiveCfg = Release|Any CPU
		{DFA76ECD-6FDE-48E2-A840-F38A625F258E}.Release|Any CPU.Build.0 = Release|Any CPU
		{57183926-8DD9-4CA5-B088-ADDEBFF0A6CD}.Debug|Any CPU.ActiveCfg = Debug|Any CPU
		{57183926-8DD9-4CA5-B088-ADDEBFF0A6CD}.Debug|Any CPU.Build.0 = Debug|Any CPU
		{57183926-8DD9-4CA5-B088-ADDEBFF0A6CD}.Release|Any CPU.ActiveCfg = Release|Any CPU
		{57183926-8DD9-4CA5-B088-ADDEBFF0A6CD}.Release|Any CPU.Build.0 = Release|Any CPU
	EndGlobalSection
	GlobalSection(SolutionProperties) = preSolution
		HideSolutionNode = FALSE
	EndGlobalSection
EndGlobal
